
Microsoft Visual Studio Solution File, Format Version 12.00
# Visual Studio Version 17
VisualStudioVersion = 17.5.33530.505
MinimumVisualStudioVersion = 10.0.40219.1
Project("{FAE04EC0-301F-11D3-BF4B-00C04F79EFBC}") = "S4FirstEFCore.API", "S4FirstEFCore.API\S4FirstEFCore.API.csproj", "{D8359DC3-DD32-498F-9FA9-F0DE5DED353A}"
EndProject
Global
	GlobalSection(SolutionConfigurationPlatforms) = preSolution
		Debug|Any CPU = Debug|Any CPU
		Release|Any CPU = Release|Any CPU
	EndGlobalSection
	GlobalSection(ProjectConfigurationPlatforms) = postSolution
		{D8359DC3-DD32-498F-9FA9-F0DE5DED353A}.Debug|Any CPU.ActiveCfg = Debug|Any CPU
		{D8359DC3-DD32-498F-9FA9-F0DE5DED353A}.Debug|Any CPU.Build.0 = Debug|Any CPU
		{D8359DC3-DD32-498F-9FA9-F0DE5DED353A}.Release|Any CPU.ActiveCfg = Release|Any CPU
		{D8359DC3-DD32-498F-9FA9-F0DE5DED353A}.Release|Any CPU.Build.0 = Release|Any CPU
	EndGlobalSection
	GlobalSection(SolutionProperties) = preSolution
		HideSolutionNode = FALSE
	EndGlobalSection
	GlobalSection(ExtensibilityGlobals) = postSolution
		SolutionGuid = {ECC753E0-567E-414B-8E70-BD6FCD802115}
	EndGlobalSection
EndGlobal
